
Microsoft Visual Studio Solution File, Format Version 12.00
# Visual Studio 14
VisualStudioVersion = 14.0.25123.0
MinimumVisualStudioVersion = 10.0.40219.1
Project("{FAE04EC0-301F-11D3-BF4B-00C04F79EFBC}") = "Second", "Second\Second.csproj", "{7D19266B-4331-4BA1-A670-6E188999A752}"
EndProject
Global
	GlobalSection(SolutionConfigurationPlatforms) = preSolution
		Debug|Any CPU = Debug|Any CPU
		Release|Any CPU = Release|Any CPU
	EndGlobalSection
	GlobalSection(ProjectConfigurationPlatforms) = postSolution
		{7D19266B-4331-4BA1-A670-6E188999A752}.Debug|Any CPU.ActiveCfg = Debug|Any CPU
		{7D19266B-4331-4BA1-A670-6E188999A752}.Debug|Any CPU.Build.0 = Debug|Any CPU
		{7D19266B-4331-4BA1-A670-6E188999A752}.Release|Any CPU.ActiveCfg = Release|Any CPU
		{7D19266B-4331-4BA1-A670-6E188999A752}.Release|Any CPU.Build.0 = Release|Any CPU
	EndGlobalSection
	GlobalSection(SolutionProperties) = preSolution
		HideSolutionNode = FALSE
	EndGlobalSection
EndGlobal
