
Microsoft Visual Studio Solution File, Format Version 12.00
# Visual Studio 14
VisualStudioVersion = 14.0.25123.0
MinimumVisualStudioVersion = 10.0.40219.1
Project("{FAE04EC0-301F-11D3-BF4B-00C04F79EFBC}") = "First", "First\First.csproj", "{DA231030-49D3-4AEE-AF50-D557ABBB8505}"
EndProject
Global
	GlobalSection(SolutionConfigurationPlatforms) = preSolution
		Debug|Any CPU = Debug|Any CPU
		Release|Any CPU = Release|Any CPU
	EndGlobalSection
	GlobalSection(ProjectConfigurationPlatforms) = postSolution
		{DA231030-49D3-4AEE-AF50-D557ABBB8505}.Debug|Any CPU.ActiveCfg = Debug|Any CPU
		{DA231030-49D3-4AEE-AF50-D557ABBB8505}.Debug|Any CPU.Build.0 = Debug|Any CPU
		{DA231030-49D3-4AEE-AF50-D557ABBB8505}.Release|Any CPU.ActiveCfg = Release|Any CPU
		{DA231030-49D3-4AEE-AF50-D557ABBB8505}.Release|Any CPU.Build.0 = Release|Any CPU
	EndGlobalSection
	GlobalSection(SolutionProperties) = preSolution
		HideSolutionNode = FALSE
	EndGlobalSection
EndGlobal
